// !$*UTF8*$!
{
	archiveVersion = 1;
	classes = {
	};
	objectVersion = 77;
	objects = {

/* Begin PBXBuildFile section */
		5AF0E0C12D0EFC9600D1E75E /* Catch.swift in Sources */ = {isa = PBXBuildFile; fileRef = 5AF0E0C02D0EFC9600D1E75E /* Catch.swift */; };
/* End PBXBuildFile section */

/* Begin PBXContainerItemProxy section */
		5A90FAFD2CC2664C00D767A2 /* PBXContainerItemProxy */ = {
			isa = PBXContainerItemProxy;
			containerPortal = 5A90FAE42CC2664A00D767A2 /* Project object */;
			proxyType = 1;
			remoteGlobalIDString = 5A90FAEB2CC2664A00D767A2;
			remoteInfo = CombineSwiftUI;
		};
		5A90FB072CC2664C00D767A2 /* PBXContainerItemProxy */ = {
			isa = PBXContainerItemProxy;
			containerPortal = 5A90FAE42CC2664A00D767A2 /* Project object */;
			proxyType = 1;
			remoteGlobalIDString = 5A90FAEB2CC2664A00D767A2;
			remoteInfo = CombineSwiftUI;
		};
/* End PBXContainerItemProxy section */

/* Begin PBXFileReference section */
		5A90FAEC2CC2664A00D767A2 /* CombineSwiftUI.app */ = {isa = PBXFileReference; explicitFileType = wrapper.application; includeInIndex = 0; path = CombineSwiftUI.app; sourceTree = BUILT_PRODUCTS_DIR; };
		5A90FAFC2CC2664C00D767A2 /* CombineSwiftUITests.xctest */ = {isa = PBXFileReference; explicitFileType = wrapper.cfbundle; includeInIndex = 0; path = CombineSwiftUITests.xctest; sourceTree = BUILT_PRODUCTS_DIR; };
		5A90FB062CC2664C00D767A2 /* CombineSwiftUIUITests.xctest */ = {isa = PBXFileReference; explicitFileType = wrapper.cfbundle; includeInIndex = 0; path = CombineSwiftUIUITests.xctest; sourceTree = BUILT_PRODUCTS_DIR; };
		5AF0E0C02D0EFC9600D1E75E /* Catch.swift */ = {isa = PBXFileReference; lastKnownFileType = sourcecode.swift; path = Catch.swift; sourceTree = "<group>"; };
/* End PBXFileReference section */

/* Begin PBXFileSystemSynchronizedRootGroup section */
		5A90FAEE2CC2664A00D767A2 /* CombineSwiftUI */ = {
			isa = PBXFileSystemSynchronizedRootGroup;
			path = CombineSwiftUI;
			sourceTree = "<group>";
		};
		5A90FAFF2CC2664C00D767A2 /* CombineSwiftUITests */ = {
			isa = PBXFileSystemSynchronizedRootGroup;
			path = CombineSwiftUITests;
			sourceTree = "<group>";
		};
		5A90FB092CC2664C00D767A2 /* CombineSwiftUIUITests */ = {
			isa = PBXFileSystemSynchronizedRootGroup;
			path = CombineSwiftUIUITests;
			sourceTree = "<group>";
		};
/* End PBXFileSystemSynchronizedRootGroup section */

/* Begin PBXFrameworksBuildPhase section */
		5A90FAE92CC2664A00D767A2 /* Frameworks */ = {
			isa = PBXFrameworksBuildPhase;
			buildActionMask = 2147483647;
			files = (
			);
			runOnlyForDeploymentPostprocessing = 0;
		};
		5A90FAF92CC2664C00D767A2 /* Frameworks */ = {
			isa = PBXFrameworksBuildPhase;
			buildActionMask = 2147483647;
			files = (
			);
			runOnlyForDeploymentPostprocessing = 0;
		};
		5A90FB032CC2664C00D767A2 /* Frameworks */ = {
			isa = PBXFrameworksBuildPhase;
			buildActionMask = 2147483647;
			files = (
			);
			runOnlyForDeploymentPostprocessing = 0;
		};
/* End PBXFrameworksBuildPhase section */

/* Begin PBXGroup section */
		5A90FAE32CC2664A00D767A2 = {
			isa = PBXGroup;
			children = (
				5AF0E0C02D0EFC9600D1E75E /* Catch.swift */,
				5A90FAEE2CC2664A00D767A2 /* CombineSwiftUI */,
				5A90FAFF2CC2664C00D767A2 /* CombineSwiftUITests */,
				5A90FB092CC2664C00D767A2 /* CombineSwiftUIUITests */,
				5A90FAED2CC2664A00D767A2 /* Products */,
			);
			sourceTree = "<group>";
		};
		5A90FAED2CC2664A00D767A2 /* Products */ = {
			isa = PBXGroup;
			children = (
				5A90FAEC2CC2664A00D767A2 /* CombineSwiftUI.app */,
				5A90FAFC2CC2664C00D767A2 /* CombineSwiftUITests.xctest */,
				5A90FB062CC2664C00D767A2 /* CombineSwiftUIUITests.xctest */,
			);
			name = Products;
			sourceTree = "<group>";
		};
/* End PBXGroup section */

/* Begin PBXNativeTarget section */
		5A90FAEB2CC2664A00D767A2 /* CombineSwiftUI */ = {
			isa = PBXNativeTarget;
			buildConfigurationList = 5A90FB102CC2664C00D767A2 /* Build configuration list for PBXNativeTarget "CombineSwiftUI" */;
			buildPhases = (
				5A90FAE82CC2664A00D767A2 /* Sources */,
				5A90FAE92CC2664A00D767A2 /* Frameworks */,
				5A90FAEA2CC2664A00D767A2 /* Resources */,
				5A90FB222CC297CB00D767A2 /* ShellScript */,
			);
			buildRules = (
			);
			dependencies = (
			);
			fileSystemSynchronizedGroups = (
				5A90FAEE2CC2664A00D767A2 /* CombineSwiftUI */,
			);
			name = CombineSwiftUI;
			packageProductDependencies = (
			);
			productName = CombineSwiftUI;
			productReference = 5A90FAEC2CC2664A00D767A2 /* CombineSwiftUI.app */;
			productType = "com.apple.product-type.application";
		};
		5A90FAFB2CC2664C00D767A2 /* CombineSwiftUITests */ = {
			isa = PBXNativeTarget;
			buildConfigurationList = 5A90FB132CC2664C00D767A2 /* Build configuration list for PBXNativeTarget "CombineSwiftUITests" */;
			buildPhases = (
				5A90FAF82CC2664C00D767A2 /* Sources */,
				5A90FAF92CC2664C00D767A2 /* Frameworks */,
				5A90FAFA2CC2664C00D767A2 /* Resources */,
			);
			buildRules = (
			);
			dependencies = (
				5A90FAFE2CC2664C00D767A2 /* PBXTargetDependency */,
			);
			fileSystemSynchronizedGroups = (
				5A90FAFF2CC2664C00D767A2 /* CombineSwiftUITests */,
			);
			name = CombineSwiftUITests;
			packageProductDependencies = (
			);
			productName = CombineSwiftUITests;
			productReference = 5A90FAFC2CC2664C00D767A2 /* CombineSwiftUITests.xctest */;
			productType = "com.apple.product-type.bundle.unit-test";
		};
		5A90FB052CC2664C00D767A2 /* CombineSwiftUIUITests */ = {
			isa = PBXNativeTarget;
			buildConfigurationList = 5A90FB162CC2664C00D767A2 /* Build configuration list for PBXNativeTarget "CombineSwiftUIUITests" */;
			buildPhases = (
				5A90FB022CC2664C00D767A2 /* Sources */,
				5A90FB032CC2664C00D767A2 /* Frameworks */,
				5A90FB042CC2664C00D767A2 /* Resources */,
			);
			buildRules = (
			);
			dependencies = (
				5A90FB082CC2664C00D767A2 /* PBXTargetDependency */,
			);
			fileSystemSynchronizedGroups = (
				5A90FB092CC2664C00D767A2 /* CombineSwiftUIUITests */,
			);
			name = CombineSwiftUIUITests;
			packageProductDependencies = (
			);
			productName = CombineSwiftUIUITests;
			productReference = 5A90FB062CC2664C00D767A2 /* CombineSwiftUIUITests.xctest */;
			productType = "com.apple.product-type.bundle.ui-testing";
		};
/* End PBXNativeTarget section */

/* Begin PBXProject section */
		5A90FAE42CC2664A00D767A2 /* Project object */ = {
			isa = PBXProject;
			attributes = {
				BuildIndependentTargetsInParallel = 1;
				LastSwiftUpdateCheck = 1600;
				LastUpgradeCheck = 1600;
				TargetAttributes = {
					5A90FAEB2CC2664A00D767A2 = {
						CreatedOnToolsVersion = 16.0;
					};
					5A90FAFB2CC2664C00D767A2 = {
						CreatedOnToolsVersion = 16.0;
						TestTargetID = 5A90FAEB2CC2664A00D767A2;
					};
					5A90FB052CC2664C00D767A2 = {
						CreatedOnToolsVersion = 16.0;
						TestTargetID = 5A90FAEB2CC2664A00D767A2;
					};
				};
			};
			buildConfigurationList = 5A90FAE72CC2664A00D767A2 /* Build configuration list for PBXProject "CombineSwiftUI" */;
			developmentRegion = en;
			hasScannedForEncodings = 0;
			knownRegions = (
				en,
				Base,
			);
			mainGroup = 5A90FAE32CC2664A00D767A2;
			minimizedProjectReferenceProxies = 1;
			preferredProjectObjectVersion = 77;
			productRefGroup = 5A90FAED2CC2664A00D767A2 /* Products */;
			projectDirPath = "";
			projectRoot = "";
			targets = (
				5A90FAEB2CC2664A00D767A2 /* CombineSwiftUI */,
				5A90FAFB2CC2664C00D767A2 /* CombineSwiftUITests */,
				5A90FB052CC2664C00D767A2 /* CombineSwiftUIUITests */,
			);
		};
/* End PBXProject section */

/* Begin PBXResourcesBuildPhase section */
		5A90FAEA2CC2664A00D767A2 /* Resources */ = {
			isa = PBXResourcesBuildPhase;
			buildActionMask = 2147483647;
			files = (
			);
			runOnlyForDeploymentPostprocessing = 0;
		};
		5A90FAFA2CC2664C00D767A2 /* Resources */ = {
			isa = PBXResourcesBuildPhase;
			buildActionMask = 2147483647;
			files = (
			);
			runOnlyForDeploymentPostprocessing = 0;
		};
		5A90FB042CC2664C00D767A2 /* Resources */ = {
			isa = PBXResourcesBuildPhase;
			buildActionMask = 2147483647;
			files = (
			);
			runOnlyForDeploymentPostprocessing = 0;
		};
/* End PBXResourcesBuildPhase section */

/* Begin PBXShellScriptBuildPhase section */
		5A90FB222CC297CB00D767A2 /* ShellScript */ = {
			isa = PBXShellScriptBuildPhase;
			buildActionMask = 2147483647;
			files = (
			);
			inputFileListPaths = (
			);
			inputPaths = (
			);
			outputFileListPaths = (
			);
			outputPaths = (
			);
			runOnlyForDeploymentPostprocessing = 0;
			shellPath = /bin/sh;
			shellScript = "# Type a script or drag a script file from your workspace to insert its path.\n";
		};
/* End PBXShellScriptBuildPhase section */

/* Begin PBXSourcesBuildPhase section */
		5A90FAE82CC2664A00D767A2 /* Sources */ = {
			isa = PBXSourcesBuildPhase;
			buildActionMask = 2147483647;
			files = (
				5AF0E0C12D0EFC9600D1E75E /* Catch.swift in Sources */,
			);
			runOnlyForDeploymentPostprocessing = 0;
		};
		5A90FAF82CC2664C00D767A2 /* Sources */ = {
			isa = PBXSourcesBuildPhase;
			buildActionMask = 2147483647;
			files = (
			);
			runOnlyForDeploymentPostprocessing = 0;
		};
		5A90FB022CC2664C00D767A2 /* Sources */ = {
			isa = PBXSourcesBuildPhase;
			buildActionMask = 2147483647;
			files = (
			);
			runOnlyForDeploymentPostprocessing = 0;
		};
/* End PBXSourcesBuildPhase section */

/* Begin PBXTargetDependency section */
		5A90FAFE2CC2664C00D767A2 /* PBXTargetDependency */ = {
			isa = PBXTargetDependency;
			target = 5A90FAEB2CC2664A00D767A2 /* CombineSwiftUI */;
			targetProxy = 5A90FAFD2CC2664C00D767A2 /* PBXContainerItemProxy */;
		};
		5A90FB082CC2664C00D767A2 /* PBXTargetDependency */ = {
			isa = PBXTargetDependency;
			target = 5A90FAEB2CC2664A00D767A2 /* CombineSwiftUI */;
			targetProxy = 5A90FB072CC2664C00D767A2 /* PBXContainerItemProxy */;
		};
/* End PBXTargetDependency section */

/* Begin XCBuildConfiguration section */
		5A90FB0E2CC2664C00D767A2 /* Debug */ = {
			isa = XCBuildConfiguration;
			buildSettings = {
				ALWAYS_SEARCH_USER_PATHS = NO;
				ASSETCATALOG_COMPILER_GENERATE_SWIFT_ASSET_SYMBOL_EXTENSIONS = YES;
				CLANG_ANALYZER_NONNULL = YES;
				CLANG_ANALYZER_NUMBER_OBJECT_CONVERSION = YES_AGGRESSIVE;
				CLANG_CXX_LANGUAGE_STANDARD = "gnu++20";
				CLANG_ENABLE_MODULES = YES;
				CLANG_ENABLE_OBJC_ARC = YES;
				CLANG_ENABLE_OBJC_WEAK = YES;
				CLANG_WARN_BLOCK_CAPTURE_AUTORELEASING = YES;
				CLANG_WARN_BOOL_CONVERSION = YES;
				CLANG_WARN_COMMA = YES;
				CLANG_WARN_CONSTANT_CONVERSION = YES;
				CLANG_WARN_DEPRECATED_OBJC_IMPLEMENTATIONS = YES;
				CLANG_WARN_DIRECT_OBJC_ISA_USAGE = YES_ERROR;
				CLANG_WARN_DOCUMENTATION_COMMENTS = YES;
				CLANG_WARN_EMPTY_BODY = YES;
				CLANG_WARN_ENUM_CONVERSION = YES;
				CLANG_WARN_INFINITE_RECURSION = YES;
				CLANG_WARN_INT_CONVERSION = YES;
				CLANG_WARN_NON_LITERAL_NULL_CONVERSION = YES;
				CLANG_WARN_OBJC_IMPLICIT_RETAIN_SELF = YES;
				CLANG_WARN_OBJC_LITERAL_CONVERSION = YES;
				CLANG_WARN_OBJC_ROOT_CLASS = YES_ERROR;
				CLANG_WARN_QUOTED_INCLUDE_IN_FRAMEWORK_HEADER = YES;
				CLANG_WARN_RANGE_LOOP_ANALYSIS = YES;
				CLANG_WARN_STRICT_PROTOTYPES = YES;
				CLANG_WARN_SUSPICIOUS_MOVE = YES;
				CLANG_WARN_UNGUARDED_AVAILABILITY = YES_AGGRESSIVE;
				CLANG_WARN_UNREACHABLE_CODE = YES;
				CLANG_WARN__DUPLICATE_METHOD_MATCH = YES;
				COPY_PHASE_STRIP = NO;
				DEBUG_INFORMATION_FORMAT = dwarf;
				ENABLE_STRICT_OBJC_MSGSEND = YES;
				ENABLE_TESTABILITY = YES;
				ENABLE_USER_SCRIPT_SANDBOXING = YES;
				GCC_C_LANGUAGE_STANDARD = gnu17;
				GCC_DYNAMIC_NO_PIC = NO;
				GCC_NO_COMMON_BLOCKS = YES;
				GCC_OPTIMIZATION_LEVEL = 0;
				GCC_PREPROCESSOR_DEFINITIONS = (
					"DEBUG=1",
					"$(inherited)",
				);
				GCC_WARN_64_TO_32_BIT_CONVERSION = YES;
				GCC_WARN_ABOUT_RETURN_TYPE = YES_ERROR;
				GCC_WARN_UNDECLARED_SELECTOR = YES;
				GCC_WARN_UNINITIALIZED_AUTOS = YES_AGGRESSIVE;
				GCC_WARN_UNUSED_FUNCTION = YES;
				GCC_WARN_UNUSED_VARIABLE = YES;
				IPHONEOS_DEPLOYMENT_TARGET = 18.0;
				LOCALIZATION_PREFERS_STRING_CATALOGS = YES;
				MTL_ENABLE_DEBUG_INFO = INCLUDE_SOURCE;
				MTL_FAST_MATH = YES;
				ONLY_ACTIVE_ARCH = YES;
				SDKROOT = iphoneos;
				SWIFT_ACTIVE_COMPILATION_CONDITIONS = "DEBUG $(inherited)";
				SWIFT_OPTIMIZATION_LEVEL = "-Onone";
			};
			name = Debug;
		};
		5A90FB0F2CC2664C00D767A2 /* Release */ = {
			isa = XCBuildConfiguration;
			buildSettings = {
				ALWAYS_SEARCH_USER_PATHS = NO;
				ASSETCATALOG_COMPILER_GENERATE_SWIFT_ASSET_SYMBOL_EXTENSIONS = YES;
				CLANG_ANALYZER_NONNULL = YES;
				CLANG_ANALYZER_NUMBER_OBJECT_CONVERSION = YES_AGGRESSIVE;
				CLANG_CXX_LANGUAGE_STANDARD = "gnu++20";
				CLANG_ENABLE_MODULES = YES;
				CLANG_ENABLE_OBJC_ARC = YES;
				CLANG_ENABLE_OBJC_WEAK = YES;
				CLANG_WARN_BLOCK_CAPTURE_AUTORELEASING = YES;
				CLANG_WARN_BOOL_CONVERSION = YES;
				CLANG_WARN_COMMA = YES;
				CLANG_WARN_CONSTANT_CONVERSION = YES;
				CLANG_WARN_DEPRECATED_OBJC_IMPLEMENTATIONS = YES;
				CLANG_WARN_DIRECT_OBJC_ISA_USAGE = YES_ERROR;
				CLANG_WARN_DOCUMENTATION_COMMENTS = YES;
				CLANG_WARN_EMPTY_BODY = YES;
				CLANG_WARN_ENUM_CONVERSION = YES;
				CLANG_WARN_INFINITE_RECURSION = YES;
				CLANG_WARN_INT_CONVERSION = YES;
				CLANG_WARN_NON_LITERAL_NULL_CONVERSION = YES;
				CLANG_WARN_OBJC_IMPLICIT_RETAIN_SELF = YES;
				CLANG_WARN_OBJC_LITERAL_CONVERSION = YES;
				CLANG_WARN_OBJC_ROOT_CLASS = YES_ERROR;
				CLANG_WARN_QUOTED_INCLUDE_IN_FRAMEWORK_HEADER = YES;
				CLANG_WARN_RANGE_LOOP_ANALYSIS = YES;
				CLANG_WARN_STRICT_PROTOTYPES = YES;
				CLANG_WARN_SUSPICIOUS_MOVE = YES;
				CLANG_WARN_UNGUARDED_AVAILABILITY = YES_AGGRESSIVE;
				CLANG_WARN_UNREACHABLE_CODE = YES;
				CLANG_WARN__DUPLICATE_METHOD_MATCH = YES;
				COPY_PHASE_STRIP = NO;
				DEBUG_INFORMATION_FORMAT = "dwarf-with-dsym";
				ENABLE_NS_ASSERTIONS = NO;
				ENABLE_STRICT_OBJC_MSGSEND = YES;
				ENABLE_USER_SCRIPT_SANDBOXING = YES;
				GCC_C_LANGUAGE_STANDARD = gnu17;
				GCC_NO_COMMON_BLOCKS = YES;
				GCC_WARN_64_TO_32_BIT_CONVERSION = YES;
				GCC_WARN_ABOUT_RETURN_TYPE = YES_ERROR;
				GCC_WARN_UNDECLARED_SELECTOR = YES;
				GCC_WARN_UNINITIALIZED_AUTOS = YES_AGGRESSIVE;
				GCC_WARN_UNUSED_FUNCTION = YES;
				GCC_WARN_UNUSED_VARIABLE = YES;
				IPHONEOS_DEPLOYMENT_TARGET = 18.0;
				LOCALIZATION_PREFERS_STRING_CATALOGS = YES;
				MTL_ENABLE_DEBUG_INFO = NO;
				MTL_FAST_MATH = YES;
				SDKROOT = iphoneos;
				SWIFT_COMPILATION_MODE = wholemodule;
				VALIDATE_PRODUCT = YES;
			};
			name = Release;
		};
		5A90FB112CC2664C00D767A2 /* Debug */ = {
			isa = XCBuildConfiguration;
			buildSettings = {
				ASSETCATALOG_COMPILER_APPICON_NAME = AppIcon;
				ASSETCATALOG_COMPILER_GLOBAL_ACCENT_COLOR_NAME = AccentColor;
				CODE_SIGN_STYLE = Automatic;
				CURRENT_PROJECT_VERSION = 1;
				DEVELOPMENT_ASSET_PATHS = "\"CombineSwiftUI/Preview Content\"";
				ENABLE_PREVIEWS = YES;
				GENERATE_INFOPLIST_FILE = YES;
				INFOPLIST_KEY_UIApplicationSceneManifest_Generation = YES;
				INFOPLIST_KEY_UIApplicationSupportsIndirectInputEvents = YES;
				INFOPLIST_KEY_UILaunchScreen_Generation = YES;
				INFOPLIST_KEY_UISupportedInterfaceOrientations_iPad = "UIInterfaceOrientationPortrait UIInterfaceOrientationPortraitUpsideDown UIInterfaceOrientationLandscapeLeft UIInterfaceOrientationLandscapeRight";
				INFOPLIST_KEY_UISupportedInterfaceOrientations_iPhone = "UIInterfaceOrientationPortrait UIInterfaceOrientationLandscapeLeft UIInterfaceOrientationLandscapeRight";
				LD_RUNPATH_SEARCH_PATHS = (
					"$(inherited)",
					"@executable_path/Frameworks",
				);
				MARKETING_VERSION = 1.0;
				PRODUCT_BUNDLE_IDENTIFIER = com.nivedha.CombineSwiftUI;
				PRODUCT_NAME = "$(TARGET_NAME)";
				SWIFT_EMIT_LOC_STRINGS = YES;
				SWIFT_VERSION = 5.0;
				TARGETED_DEVICE_FAMILY = "1,2";
			};
			name = Debug;
		};
		5A90FB122CC2664C00D767A2 /* Release */ = {
			isa = XCBuildConfiguration;
			buildSettings = {
				ASSETCATALOG_COMPILER_APPICON_NAME = AppIcon;
				ASSETCATALOG_COMPILER_GLOBAL_ACCENT_COLOR_NAME = AccentColor;
				CODE_SIGN_STYLE = Automatic;
				CURRENT_PROJECT_VERSION = 1;
				DEVELOPMENT_ASSET_PATHS = "\"CombineSwiftUI/Preview Content\"";
				ENABLE_PREVIEWS = YES;
				GENERATE_INFOPLIST_FILE = YES;
				INFOPLIST_KEY_UIApplicationSceneManifest_Generation = YES;
				INFOPLIST_KEY_UIApplicationSupportsIndirectInputEvents = YES;
				INFOPLIST_KEY_UILaunchScreen_Generation = YES;
				INFOPLIST_KEY_UISupportedInterfaceOrientations_iPad = "UIInterfaceOrientationPortrait UIInterfaceOrientationPortraitUpsideDown UIInterfaceOrientationLandscapeLeft UIInterfaceOrientationLandscapeRight";
				INFOPLIST_KEY_UISupportedInterfaceOrientations_iPhone = "UIInterfaceOrientationPortrait UIInterfaceOrientationLandscapeLeft UIInterfaceOrientationLandscapeRight";
				LD_RUNPATH_SEARCH_PATHS = (
					"$(inherited)",
					"@executable_path/Frameworks",
				);
				MARKETING_VERSION = 1.0;
				PRODUCT_BUNDLE_IDENTIFIER = com.nivedha.CombineSwiftUI;
				PRODUCT_NAME = "$(TARGET_NAME)";
				SWIFT_EMIT_LOC_STRINGS = YES;
				SWIFT_VERSION = 5.0;
				TARGETED_DEVICE_FAMILY = "1,2";
			};
			name = Release;
		};
		5A90FB142CC2664C00D767A2 /* Debug */ = {
			isa = XCBuildConfiguration;
			buildSettings = {
				BUNDLE_LOADER = "$(TEST_HOST)";
				CODE_SIGN_STYLE = Automatic;
				CURRENT_PROJECT_VERSION = 1;
				GENERATE_INFOPLIST_FILE = YES;
				IPHONEOS_DEPLOYMENT_TARGET = 18.0;
				MARKETING_VERSION = 1.0;
				PRODUCT_BUNDLE_IDENTIFIER = com.nivedha.CombineSwiftUITests;
				PRODUCT_NAME = "$(TARGET_NAME)";
				SWIFT_EMIT_LOC_STRINGS = NO;
				SWIFT_VERSION = 5.0;
				TARGETED_DEVICE_FAMILY = "1,2";
				TEST_HOST = "$(BUILT_PRODUCTS_DIR)/CombineSwiftUI.app/$(BUNDLE_EXECUTABLE_FOLDER_PATH)/CombineSwiftUI";
			};
			name = Debug;
		};
		5A90FB152CC2664C00D767A2 /* Release */ = {
			isa = XCBuildConfiguration;
			buildSettings = {
				BUNDLE_LOADER = "$(TEST_HOST)";
				CODE_SIGN_STYLE = Automatic;
				CURRENT_PROJECT_VERSION = 1;
				GENERATE_INFOPLIST_FILE = YES;
				IPHONEOS_DEPLOYMENT_TARGET = 18.0;
				MARKETING_VERSION = 1.0;
				PRODUCT_BUNDLE_IDENTIFIER = com.nivedha.CombineSwiftUITests;
				PRODUCT_NAME = "$(TARGET_NAME)";
				SWIFT_EMIT_LOC_STRINGS = NO;
				SWIFT_VERSION = 5.0;
				TARGETED_DEVICE_FAMILY = "1,2";
				TEST_HOST = "$(BUILT_PRODUCTS_DIR)/CombineSwiftUI.app/$(BUNDLE_EXECUTABLE_FOLDER_PATH)/CombineSwiftUI";
			};
			name = Release;
		};
		5A90FB172CC2664C00D767A2 /* Debug */ = {
			isa = XCBuildConfiguration;
			buildSettings = {
				CODE_SIGN_STYLE = Automatic;
				CURRENT_PROJECT_VERSION = 1;
				GENERATE_INFOPLIST_FILE = YES;
				MARKETING_VERSION = 1.0;
				PRODUCT_BUNDLE_IDENTIFIER = com.nivedha.CombineSwiftUIUITests;
				PRODUCT_NAME = "$(TARGET_NAME)";
				SWIFT_EMIT_LOC_STRINGS = NO;
				SWIFT_VERSION = 5.0;
				TARGETED_DEVICE_FAMILY = "1,2";
				TEST_TARGET_NAME = CombineSwiftUI;
			};
			name = Debug;
		};
		5A90FB182CC2664C00D767A2 /* Release */ = {
			isa = XCBuildConfiguration;
			buildSettings = {
				CODE_SIGN_STYLE = Automatic;
				CURRENT_PROJECT_VERSION = 1;
				GENERATE_INFOPLIST_FILE = YES;
				MARKETING_VERSION = 1.0;
				PRODUCT_BUNDLE_IDENTIFIER = com.nivedha.CombineSwiftUIUITests;
				PRODUCT_NAME = "$(TARGET_NAME)";
				SWIFT_EMIT_LOC_STRINGS = NO;
				SWIFT_VERSION = 5.0;
				TARGETED_DEVICE_FAMILY = "1,2";
				TEST_TARGET_NAME = CombineSwiftUI;
			};
			name = Release;
		};
/* End XCBuildConfiguration section */

/* Begin XCConfigurationList section */
		5A90FAE72CC2664A00D767A2 /* Build configuration list for PBXProject "CombineSwiftUI" */ = {
			isa = XCConfigurationList;
			buildConfigurations = (
				5A90FB0E2CC2664C00D767A2 /* Debug */,
				5A90FB0F2CC2664C00D767A2 /* Release */,
			);
			defaultConfigurationIsVisible = 0;
			defaultConfigurationName = Release;
		};
		5A90FB102CC2664C00D767A2 /* Build configuration list for PBXNativeTarget "CombineSwiftUI" */ = {
			isa = XCConfigurationList;
			buildConfigurations = (
				5A90FB112CC2664C00D767A2 /* Debug */,
				5A90FB122CC2664C00D767A2 /* Release */,
			);
			defaultConfigurationIsVisible = 0;
			defaultConfigurationName = Release;
		};
		5A90FB132CC2664C00D767A2 /* Build configuration list for PBXNativeTarget "CombineSwiftUITests" */ = {
			isa = XCConfigurationList;
			buildConfigurations = (
				5A90FB142CC2664C00D767A2 /* Debug */,
				5A90FB152CC2664C00D767A2 /* Release */,
			);
			defaultConfigurationIsVisible = 0;
			defaultConfigurationName = Release;
		};
		5A90FB162CC2664C00D767A2 /* Build configuration list for PBXNativeTarget "CombineSwiftUIUITests" */ = {
			isa = XCConfigurationList;
			buildConfigurations = (
				5A90FB172CC2664C00D767A2 /* Debug */,
				5A90FB182CC2664C00D767A2 /* Release */,
			);
			defaultConfigurationIsVisible = 0;
			defaultConfigurationName = Release;
		};
/* End XCConfigurationList section */
	};
	rootObject = 5A90FAE42CC2664A00D767A2 /* Project object */;
}
